// !$*UTF8*$!
{
	archiveVersion = 1;
	classes = {
	};
	objectVersion = 48;
	objects = {

/* Begin PBXBuildFile section */
		12905CFF51DAB4D4A53C83FB /* Pods_Nike_CollectionTests.framework in Frameworks */ = {isa = PBXBuildFile; fileRef = DBCF29D8B2E3ADB96F7D64F3 /* Pods_Nike_CollectionTests.framework */; };
		900C7B81883753676FBA3135 /* Pods_Nike_CollectionUITests.framework in Frameworks */ = {isa = PBXBuildFile; fileRef = 1ED2CF41C4E6ED6D638D68F1 /* Pods_Nike_CollectionUITests.framework */; };
		A5844C9E1FA80C39005E7DFE /* Lebron.gif in Resources */ = {isa = PBXBuildFile; fileRef = A5844C9D1FA80C31005E7DFE /* Lebron.gif */; };
		A58EAC201FA6DA9D005DE595 /* HexColor.swift in Sources */ = {isa = PBXBuildFile; fileRef = A58EAC1F1FA6DA9D005DE595 /* HexColor.swift */; };
		A58EAC241FA6EA5E005DE595 /* Jordan.gif in Resources */ = {isa = PBXBuildFile; fileRef = A58EAC231FA6EA4B005DE595 /* Jordan.gif */; };
		A58EAC261FA6EEAE005DE595 /* Fuck.gif in Resources */ = {isa = PBXBuildFile; fileRef = A58EAC251FA6EEA6005DE595 /* Fuck.gif */; };
		A5D632561F84B66100B80078 /* AppDelegate.swift in Sources */ = {isa = PBXBuildFile; fileRef = A5D632551F84B66100B80078 /* AppDelegate.swift */; };
		A5D6325B1F84B66100B80078 /* Main.storyboard in Resources */ = {isa = PBXBuildFile; fileRef = A5D632591F84B66100B80078 /* Main.storyboard */; };
		A5D6325D1F84B66100B80078 /* Assets.xcassets in Resources */ = {isa = PBXBuildFile; fileRef = A5D6325C1F84B66100B80078 /* Assets.xcassets */; };
		A5D632601F84B66100B80078 /* LaunchScreen.storyboard in Resources */ = {isa = PBXBuildFile; fileRef = A5D6325E1F84B66100B80078 /* LaunchScreen.storyboard */; };
		A5D6326B1F84B66100B80078 /* Nike_CollectionTests.swift in Sources */ = {isa = PBXBuildFile; fileRef = A5D6326A1F84B66100B80078 /* Nike_CollectionTests.swift */; };
		A5D632761F84B66200B80078 /* Nike_CollectionUITests.swift in Sources */ = {isa = PBXBuildFile; fileRef = A5D632751F84B66200B80078 /* Nike_CollectionUITests.swift */; };
		A5D632881F84F51200B80078 /* PromoContentViewController.swift in Sources */ = {isa = PBXBuildFile; fileRef = A5D632871F84F51200B80078 /* PromoContentViewController.swift */; };
		A5D6328A1F84F52D00B80078 /* HomeViewController.swift in Sources */ = {isa = PBXBuildFile; fileRef = A5D632891F84F52D00B80078 /* HomeViewController.swift */; };
/* End PBXBuildFile section */

/* Begin PBXContainerItemProxy section */
		A5D632671F84B66100B80078 /* PBXContainerItemProxy */ = {
			isa = PBXContainerItemProxy;
			containerPortal = A5D6324A1F84B66100B80078 /* Project object */;
			proxyType = 1;
			remoteGlobalIDString = A5D632511F84B66100B80078;
			remoteInfo = "Nike Collection";
		};
		A5D632721F84B66100B80078 /* PBXContainerItemProxy */ = {
			isa = PBXContainerItemProxy;
			containerPortal = A5D6324A1F84B66100B80078 /* Project object */;
			proxyType = 1;
			remoteGlobalIDString = A5D632511F84B66100B80078;
			remoteInfo = "Nike Collection";
		};
/* End PBXContainerItemProxy section */

/* Begin PBXFileReference section */
		1ED2CF41C4E6ED6D638D68F1 /* Pods_Nike_CollectionUITests.framework */ = {isa = PBXFileReference; explicitFileType = wrapper.framework; includeInIndex = 0; path = Pods_Nike_CollectionUITests.framework; sourceTree = BUILT_PRODUCTS_DIR; };
		3EDE116DDAAE95720B742E4C /* Pods-Nike Collection.debug.xcconfig */ = {isa = PBXFileReference; includeInIndex = 1; lastKnownFileType = text.xcconfig; name = "Pods-Nike Collection.debug.xcconfig"; path = "Pods/Target Support Files/Pods-Nike Collection/Pods-Nike Collection.debug.xcconfig"; sourceTree = "<group>"; };
		7E340B68E7AFF60BC918D5CF /* Pods-Nike CollectionUITests.release.xcconfig */ = {isa = PBXFileReference; includeInIndex = 1; lastKnownFileType = text.xcconfig; name = "Pods-Nike CollectionUITests.release.xcconfig"; path = "Pods/Target Support Files/Pods-Nike CollectionUITests/Pods-Nike CollectionUITests.release.xcconfig"; sourceTree = "<group>"; };
		8C866634AD9FAEB93789A121 /* Pods-Nike Collection.release.xcconfig */ = {isa = PBXFileReference; includeInIndex = 1; lastKnownFileType = text.xcconfig; name = "Pods-Nike Collection.release.xcconfig"; path = "Pods/Target Support Files/Pods-Nike Collection/Pods-Nike Collection.release.xcconfig"; sourceTree = "<group>"; };
		9B5D933400FB08A4403A0F23 /* Pods-Nike CollectionTests.debug.xcconfig */ = {isa = PBXFileReference; includeInIndex = 1; lastKnownFileType = text.xcconfig; name = "Pods-Nike CollectionTests.debug.xcconfig"; path = "Pods/Target Support Files/Pods-Nike CollectionTests/Pods-Nike CollectionTests.debug.xcconfig"; sourceTree = "<group>"; };
		A5844C9D1FA80C31005E7DFE /* Lebron.gif */ = {isa = PBXFileReference; lastKnownFileType = image.gif; path = Lebron.gif; sourceTree = "<group>"; };
		A58EAC1F1FA6DA9D005DE595 /* HexColor.swift */ = {isa = PBXFileReference; lastKnownFileType = sourcecode.swift; path = HexColor.swift; sourceTree = "<group>"; };
		A58EAC231FA6EA4B005DE595 /* Jordan.gif */ = {isa = PBXFileReference; lastKnownFileType = image.gif; path = Jordan.gif; sourceTree = "<group>"; };
		A58EAC251FA6EEA6005DE595 /* Fuck.gif */ = {isa = PBXFileReference; lastKnownFileType = image.gif; path = Fuck.gif; sourceTree = "<group>"; };
		A5D632521F84B66100B80078 /* Nike Collection.app */ = {isa = PBXFileReference; explicitFileType = wrapper.application; includeInIndex = 0; path = "Nike Collection.app"; sourceTree = BUILT_PRODUCTS_DIR; };
		A5D632551F84B66100B80078 /* AppDelegate.swift */ = {isa = PBXFileReference; lastKnownFileType = sourcecode.swift; path = AppDelegate.swift; sourceTree = "<group>"; };
		A5D6325A1F84B66100B80078 /* Base */ = {isa = PBXFileReference; lastKnownFileType = file.storyboard; name = Base; path = Base.lproj/Main.storyboard; sourceTree = "<group>"; };
		A5D6325C1F84B66100B80078 /* Assets.xcassets */ = {isa = PBXFileReference; lastKnownFileType = folder.assetcatalog; path = Assets.xcassets; sourceTree = "<group>"; };
		A5D6325F1F84B66100B80078 /* Base */ = {isa = PBXFileReference; lastKnownFileType = file.storyboard; name = Base; path = Base.lproj/LaunchScreen.storyboard; sourceTree = "<group>"; };
		A5D632611F84B66100B80078 /* Info.plist */ = {isa = PBXFileReference; lastKnownFileType = text.plist.xml; path = Info.plist; sourceTree = "<group>"; };
		A5D632661F84B66100B80078 /* Nike CollectionTests.xctest */ = {isa = PBXFileReference; explicitFileType = wrapper.cfbundle; includeInIndex = 0; path = "Nike CollectionTests.xctest"; sourceTree = BUILT_PRODUCTS_DIR; };
		A5D6326A1F84B66100B80078 /* Nike_CollectionTests.swift */ = {isa = PBXFileReference; lastKnownFileType = sourcecode.swift; path = Nike_CollectionTests.swift; sourceTree = "<group>"; };
		A5D6326C1F84B66100B80078 /* Info.plist */ = {isa = PBXFileReference; lastKnownFileType = text.plist.xml; path = Info.plist; sourceTree = "<group>"; };
		A5D632711F84B66100B80078 /* Nike CollectionUITests.xctest */ = {isa = PBXFileReference; explicitFileType = wrapper.cfbundle; includeInIndex = 0; path = "Nike CollectionUITests.xctest"; sourceTree = BUILT_PRODUCTS_DIR; };
		A5D632751F84B66200B80078 /* Nike_CollectionUITests.swift */ = {isa = PBXFileReference; lastKnownFileType = sourcecode.swift; path = Nike_CollectionUITests.swift; sourceTree = "<group>"; };
		A5D632771F84B66200B80078 /* Info.plist */ = {isa = PBXFileReference; lastKnownFileType = text.plist.xml; path = Info.plist; sourceTree = "<group>"; };
		A5D632871F84F51200B80078 /* PromoContentViewController.swift */ = {isa = PBXFileReference; lastKnownFileType = sourcecode.swift; path = PromoContentViewController.swift; sourceTree = "<group>"; };
		A5D632891F84F52D00B80078 /* HomeViewController.swift */ = {isa = PBXFileReference; lastKnownFileType = sourcecode.swift; path = HomeViewController.swift; sourceTree = "<group>"; };
		DB11E4FF2FC170C4992A4F42 /* Pods_Nike_Collection.framework */ = {isa = PBXFileReference; explicitFileType = wrapper.framework; includeInIndex = 0; path = Pods_Nike_Collection.framework; sourceTree = BUILT_PRODUCTS_DIR; };
		DBCF29D8B2E3ADB96F7D64F3 /* Pods_Nike_CollectionTests.framework */ = {isa = PBXFileReference; explicitFileType = wrapper.framework; includeInIndex = 0; path = Pods_Nike_CollectionTests.framework; sourceTree = BUILT_PRODUCTS_DIR; };
		F4B2A58543EA379806865AB0 /* Pods-Nike CollectionUITests.debug.xcconfig */ = {isa = PBXFileReference; includeInIndex = 1; lastKnownFileType = text.xcconfig; name = "Pods-Nike CollectionUITests.debug.xcconfig"; path = "Pods/Target Support Files/Pods-Nike CollectionUITests/Pods-Nike CollectionUITests.debug.xcconfig"; sourceTree = "<group>"; };
		FEE24BB6B8A4428FDC439D38 /* Pods-Nike CollectionTests.release.xcconfig */ = {isa = PBXFileReference; includeInIndex = 1; lastKnownFileType = text.xcconfig; name = "Pods-Nike CollectionTests.release.xcconfig"; path = "Pods/Target Support Files/Pods-Nike CollectionTests/Pods-Nike CollectionTests.release.xcconfig"; sourceTree = "<group>"; };
/* End PBXFileReference section */

/* Begin PBXFrameworksBuildPhase section */
		A5D6324F1F84B66100B80078 /* Frameworks */ = {
			isa = PBXFrameworksBuildPhase;
			buildActionMask = 2147483647;
			files = (
			);
			runOnlyForDeploymentPostprocessing = 0;
		};
		A5D632631F84B66100B80078 /* Frameworks */ = {
			isa = PBXFrameworksBuildPhase;
			buildActionMask = 2147483647;
			files = (
				12905CFF51DAB4D4A53C83FB /* Pods_Nike_CollectionTests.framework in Frameworks */,
			);
			runOnlyForDeploymentPostprocessing = 0;
		};
		A5D6326E1F84B66100B80078 /* Frameworks */ = {
			isa = PBXFrameworksBuildPhase;
			buildActionMask = 2147483647;
			files = (
				900C7B81883753676FBA3135 /* Pods_Nike_CollectionUITests.framework in Frameworks */,
			);
			runOnlyForDeploymentPostprocessing = 0;
		};
/* End PBXFrameworksBuildPhase section */

/* Begin PBXGroup section */
		5F2E5BA9A08C21F91A70A8D3 /* Frameworks */ = {
			isa = PBXGroup;
			children = (
				DB11E4FF2FC170C4992A4F42 /* Pods_Nike_Collection.framework */,
				DBCF29D8B2E3ADB96F7D64F3 /* Pods_Nike_CollectionTests.framework */,
				1ED2CF41C4E6ED6D638D68F1 /* Pods_Nike_CollectionUITests.framework */,
			);
			name = Frameworks;
			sourceTree = "<group>";
		};
		A58EAC271FA6F7C6005DE595 /* Assist Part */ = {
			isa = PBXGroup;
			children = (
				A58EAC1F1FA6DA9D005DE595 /* HexColor.swift */,
			);
			path = "Assist Part";
			sourceTree = "<group>";
		};
		A5D632491F84B66100B80078 = {
			isa = PBXGroup;
			children = (
				A5D632541F84B66100B80078 /* Nike Collection */,
				A5D632691F84B66100B80078 /* Nike CollectionTests */,
				A5D632741F84B66200B80078 /* Nike CollectionUITests */,
				A5D632531F84B66100B80078 /* Products */,
				D082C843D52BCDD4982D30D1 /* Pods */,
				5F2E5BA9A08C21F91A70A8D3 /* Frameworks */,
			);
			sourceTree = "<group>";
		};
		A5D632531F84B66100B80078 /* Products */ = {
			isa = PBXGroup;
			children = (
				A5D632521F84B66100B80078 /* Nike Collection.app */,
				A5D632661F84B66100B80078 /* Nike CollectionTests.xctest */,
				A5D632711F84B66100B80078 /* Nike CollectionUITests.xctest */,
			);
			name = Products;
			sourceTree = "<group>";
		};
		A5D632541F84B66100B80078 /* Nike Collection */ = {
			isa = PBXGroup;
			children = (
				A5D632551F84B66100B80078 /* AppDelegate.swift */,
				A5D6328B1F84F53700B80078 /* controllers */,
				A5D632591F84B66100B80078 /* Main.storyboard */,
				A5D6325C1F84B66100B80078 /* Assets.xcassets */,
				A5D6325E1F84B66100B80078 /* LaunchScreen.storyboard */,
				A5D632861F84F49600B80078 /* gif pics */,
				A5D632611F84B66100B80078 /* Info.plist */,
				A58EAC271FA6F7C6005DE595 /* Assist Part */,
			);
			path = "Nike Collection";
			sourceTree = "<group>";
		};
		A5D632691F84B66100B80078 /* Nike CollectionTests */ = {
			isa = PBXGroup;
			children = (
				A5D6326A1F84B66100B80078 /* Nike_CollectionTests.swift */,
				A5D6326C1F84B66100B80078 /* Info.plist */,
			);
			path = "Nike CollectionTests";
			sourceTree = "<group>";
		};
		A5D632741F84B66200B80078 /* Nike CollectionUITests */ = {
			isa = PBXGroup;
			children = (
				A5D632751F84B66200B80078 /* Nike_CollectionUITests.swift */,
				A5D632771F84B66200B80078 /* Info.plist */,
			);
			path = "Nike CollectionUITests";
			sourceTree = "<group>";
		};
		A5D632861F84F49600B80078 /* gif pics */ = {
			isa = PBXGroup;
			children = (
				A58EAC251FA6EEA6005DE595 /* Fuck.gif */,
				A5844C9D1FA80C31005E7DFE /* Lebron.gif */,
				A58EAC231FA6EA4B005DE595 /* Jordan.gif */,
			);
			path = "gif pics";
			sourceTree = "<group>";
		};
		A5D6328B1F84F53700B80078 /* controllers */ = {
			isa = PBXGroup;
			children = (
				A5D632891F84F52D00B80078 /* HomeViewController.swift */,
				A5D632871F84F51200B80078 /* PromoContentViewController.swift */,
			);
			path = controllers;
			sourceTree = "<group>";
		};
		D082C843D52BCDD4982D30D1 /* Pods */ = {
			isa = PBXGroup;
			children = (
				3EDE116DDAAE95720B742E4C /* Pods-Nike Collection.debug.xcconfig */,
				8C866634AD9FAEB93789A121 /* Pods-Nike Collection.release.xcconfig */,
				9B5D933400FB08A4403A0F23 /* Pods-Nike CollectionTests.debug.xcconfig */,
				FEE24BB6B8A4428FDC439D38 /* Pods-Nike CollectionTests.release.xcconfig */,
				F4B2A58543EA379806865AB0 /* Pods-Nike CollectionUITests.debug.xcconfig */,
				7E340B68E7AFF60BC918D5CF /* Pods-Nike CollectionUITests.release.xcconfig */,
			);
			name = Pods;
			sourceTree = "<group>";
		};
/* End PBXGroup section */

/* Begin PBXNativeTarget section */
		A5D632511F84B66100B80078 /* Nike Collection */ = {
			isa = PBXNativeTarget;
			buildConfigurationList = A5D6327A1F84B66200B80078 /* Build configuration list for PBXNativeTarget "Nike Collection" */;
			buildPhases = (
				A5D6324E1F84B66100B80078 /* Sources */,
				A5D6324F1F84B66100B80078 /* Frameworks */,
				A5D632501F84B66100B80078 /* Resources */,
			);
			buildRules = (
			);
			dependencies = (
			);
			name = "Nike Collection";
			productName = "Nike Collection";
			productReference = A5D632521F84B66100B80078 /* Nike Collection.app */;
			productType = "com.apple.product-type.application";
		};
		A5D632651F84B66100B80078 /* Nike CollectionTests */ = {
			isa = PBXNativeTarget;
			buildConfigurationList = A5D6327D1F84B66200B80078 /* Build configuration list for PBXNativeTarget "Nike CollectionTests" */;
			buildPhases = (
				DD9D7D9591E35423B41D6C42 /* [CP] Check Pods Manifest.lock */,
				A5D632621F84B66100B80078 /* Sources */,
				A5D632631F84B66100B80078 /* Frameworks */,
				A5D632641F84B66100B80078 /* Resources */,
				D02BDAFC635B1EBA2FC2385B /* [CP] Embed Pods Frameworks */,
				CAC83BAB1084EF5E560D6BA1 /* [CP] Copy Pods Resources */,
			);
			buildRules = (
			);
			dependencies = (
				A5D632681F84B66100B80078 /* PBXTargetDependency */,
			);
			name = "Nike CollectionTests";
			productName = "Nike CollectionTests";
			productReference = A5D632661F84B66100B80078 /* Nike CollectionTests.xctest */;
			productType = "com.apple.product-type.bundle.unit-test";
		};
		A5D632701F84B66100B80078 /* Nike CollectionUITests */ = {
			isa = PBXNativeTarget;
			buildConfigurationList = A5D632801F84B66200B80078 /* Build configuration list for PBXNativeTarget "Nike CollectionUITests" */;
			buildPhases = (
				4789C102B6727EF159DC6396 /* [CP] Check Pods Manifest.lock */,
				A5D6326D1F84B66100B80078 /* Sources */,
				A5D6326E1F84B66100B80078 /* Frameworks */,
				A5D6326F1F84B66100B80078 /* Resources */,
				CB8358094B87D3B05ACAA9C9 /* [CP] Embed Pods Frameworks */,
				5AA1022E234B30282E6D15A6 /* [CP] Copy Pods Resources */,
			);
			buildRules = (
			);
			dependencies = (
				A5D632731F84B66100B80078 /* PBXTargetDependency */,
			);
			name = "Nike CollectionUITests";
			productName = "Nike CollectionUITests";
			productReference = A5D632711F84B66100B80078 /* Nike CollectionUITests.xctest */;
			productType = "com.apple.product-type.bundle.ui-testing";
		};
/* End PBXNativeTarget section */

/* Begin PBXProject section */
		A5D6324A1F84B66100B80078 /* Project object */ = {
			isa = PBXProject;
			attributes = {
				LastSwiftUpdateCheck = 0900;
				LastUpgradeCheck = 0900;
				ORGANIZATIONNAME = Mac;
				TargetAttributes = {
					A5D632511F84B66100B80078 = {
						CreatedOnToolsVersion = 9.0;
						ProvisioningStyle = Automatic;
					};
					A5D632651F84B66100B80078 = {
						CreatedOnToolsVersion = 9.0;
						ProvisioningStyle = Automatic;
						TestTargetID = A5D632511F84B66100B80078;
					};
					A5D632701F84B66100B80078 = {
						CreatedOnToolsVersion = 9.0;
						ProvisioningStyle = Automatic;
						TestTargetID = A5D632511F84B66100B80078;
					};
				};
			};
			buildConfigurationList = A5D6324D1F84B66100B80078 /* Build configuration list for PBXProject "Nike Collection" */;
			compatibilityVersion = "Xcode 8.0";
			developmentRegion = en;
			hasScannedForEncodings = 0;
			knownRegions = (
				en,
				Base,
			);
			mainGroup = A5D632491F84B66100B80078;
			productRefGroup = A5D632531F84B66100B80078 /* Products */;
			projectDirPath = "";
			projectRoot = "";
			targets = (
				A5D632511F84B66100B80078 /* Nike Collection */,
				A5D632651F84B66100B80078 /* Nike CollectionTests */,
				A5D632701F84B66100B80078 /* Nike CollectionUITests */,
			);
		};
/* End PBXProject section */

/* Begin PBXResourcesBuildPhase section */
		A5D632501F84B66100B80078 /* Resources */ = {
			isa = PBXResourcesBuildPhase;
			buildActionMask = 2147483647;
			files = (
				A5844C9E1FA80C39005E7DFE /* Lebron.gif in Resources */,
				A58EAC261FA6EEAE005DE595 /* Fuck.gif in Resources */,
				A58EAC241FA6EA5E005DE595 /* Jordan.gif in Resources */,
				A5D632601F84B66100B80078 /* LaunchScreen.storyboard in Resources */,
				A5D6325D1F84B66100B80078 /* Assets.xcassets in Resources */,
				A5D6325B1F84B66100B80078 /* Main.storyboard in Resources */,
			);
			runOnlyForDeploymentPostprocessing = 0;
		};
		A5D632641F84B66100B80078 /* Resources */ = {
			isa = PBXResourcesBuildPhase;
			buildActionMask = 2147483647;
			files = (
			);
			runOnlyForDeploymentPostprocessing = 0;
		};
		A5D6326F1F84B66100B80078 /* Resources */ = {
			isa = PBXResourcesBuildPhase;
			buildActionMask = 2147483647;
			files = (
			);
			runOnlyForDeploymentPostprocessing = 0;
		};
/* End PBXResourcesBuildPhase section */

/* Begin PBXShellScriptBuildPhase section */
		4789C102B6727EF159DC6396 /* [CP] Check Pods Manifest.lock */ = {
			isa = PBXShellScriptBuildPhase;
			buildActionMask = 2147483647;
			files = (
			);
			inputPaths = (
			);
			name = "[CP] Check Pods Manifest.lock";
			outputPaths = (
			);
			runOnlyForDeploymentPostprocessing = 0;
			shellPath = /bin/sh;
			shellScript = "diff \"${PODS_PODFILE_DIR_PATH}/Podfile.lock\" \"${PODS_ROOT}/Manifest.lock\" > /dev/null\nif [ $? != 0 ] ; then\n    # print error to STDERR\n    echo \"error: The sandbox is not in sync with the Podfile.lock. Run 'pod install' or update your CocoaPods installation.\" >&2\n    exit 1\nfi\n";
			showEnvVarsInLog = 0;
		};
		5AA1022E234B30282E6D15A6 /* [CP] Copy Pods Resources */ = {
			isa = PBXShellScriptBuildPhase;
			buildActionMask = 2147483647;
			files = (
			);
			inputPaths = (
			);
			name = "[CP] Copy Pods Resources";
			outputPaths = (
			);
			runOnlyForDeploymentPostprocessing = 0;
			shellPath = /bin/sh;
			shellScript = "\"${SRCROOT}/Pods/Target Support Files/Pods-Nike CollectionUITests/Pods-Nike CollectionUITests-resources.sh\"\n";
			showEnvVarsInLog = 0;
		};
		CAC83BAB1084EF5E560D6BA1 /* [CP] Copy Pods Resources */ = {
			isa = PBXShellScriptBuildPhase;
			buildActionMask = 2147483647;
			files = (
			);
			inputPaths = (
			);
			name = "[CP] Copy Pods Resources";
			outputPaths = (
			);
			runOnlyForDeploymentPostprocessing = 0;
			shellPath = /bin/sh;
			shellScript = "\"${SRCROOT}/Pods/Target Support Files/Pods-Nike CollectionTests/Pods-Nike CollectionTests-resources.sh\"\n";
			showEnvVarsInLog = 0;
		};
		CB8358094B87D3B05ACAA9C9 /* [CP] Embed Pods Frameworks */ = {
			isa = PBXShellScriptBuildPhase;
			buildActionMask = 2147483647;
			files = (
			);
			inputPaths = (
			);
			name = "[CP] Embed Pods Frameworks";
			outputPaths = (
			);
			runOnlyForDeploymentPostprocessing = 0;
			shellPath = /bin/sh;
			shellScript = "\"${SRCROOT}/Pods/Target Support Files/Pods-Nike CollectionUITests/Pods-Nike CollectionUITests-frameworks.sh\"\n";
			showEnvVarsInLog = 0;
		};
		D02BDAFC635B1EBA2FC2385B /* [CP] Embed Pods Frameworks */ = {
			isa = PBXShellScriptBuildPhase;
			buildActionMask = 2147483647;
			files = (
			);
			inputPaths = (
			);
			name = "[CP] Embed Pods Frameworks";
			outputPaths = (
			);
			runOnlyForDeploymentPostprocessing = 0;
			shellPath = /bin/sh;
			shellScript = "\"${SRCROOT}/Pods/Target Support Files/Pods-Nike CollectionTests/Pods-Nike CollectionTests-frameworks.sh\"\n";
			showEnvVarsInLog = 0;
		};
		DD9D7D9591E35423B41D6C42 /* [CP] Check Pods Manifest.lock */ = {
			isa = PBXShellScriptBuildPhase;
			buildActionMask = 2147483647;
			files = (
			);
			inputPaths = (
			);
			name = "[CP] Check Pods Manifest.lock";
			outputPaths = (
			);
			runOnlyForDeploymentPostprocessing = 0;
			shellPath = /bin/sh;
			shellScript = "diff \"${PODS_PODFILE_DIR_PATH}/Podfile.lock\" \"${PODS_ROOT}/Manifest.lock\" > /dev/null\nif [ $? != 0 ] ; then\n    # print error to STDERR\n    echo \"error: The sandbox is not in sync with the Podfile.lock. Run 'pod install' or update your CocoaPods installation.\" >&2\n    exit 1\nfi\n";
			showEnvVarsInLog = 0;
		};
/* End PBXShellScriptBuildPhase section */

/* Begin PBXSourcesBuildPhase section */
		A5D6324E1F84B66100B80078 /* Sources */ = {
			isa = PBXSourcesBuildPhase;
			buildActionMask = 2147483647;
			files = (
				A5D632881F84F51200B80078 /* PromoContentViewController.swift in Sources */,
				A58EAC201FA6DA9D005DE595 /* HexColor.swift in Sources */,
				A5D632561F84B66100B80078 /* AppDelegate.swift in Sources */,
				A5D6328A1F84F52D00B80078 /* HomeViewController.swift in Sources */,
			);
			runOnlyForDeploymentPostprocessing = 0;
		};
		A5D632621F84B66100B80078 /* Sources */ = {
			isa = PBXSourcesBuildPhase;
			buildActionMask = 2147483647;
			files = (
				A5D6326B1F84B66100B80078 /* Nike_CollectionTests.swift in Sources */,
			);
			runOnlyForDeploymentPostprocessing = 0;
		};
		A5D6326D1F84B66100B80078 /* Sources */ = {
			isa = PBXSourcesBuildPhase;
			buildActionMask = 2147483647;
			files = (
				A5D632761F84B66200B80078 /* Nike_CollectionUITests.swift in Sources */,
			);
			runOnlyForDeploymentPostprocessing = 0;
		};
/* End PBXSourcesBuildPhase section */

/* Begin PBXTargetDependency section */
		A5D632681F84B66100B80078 /* PBXTargetDependency */ = {
			isa = PBXTargetDependency;
			target = A5D632511F84B66100B80078 /* Nike Collection */;
			targetProxy = A5D632671F84B66100B80078 /* PBXContainerItemProxy */;
		};
		A5D632731F84B66100B80078 /* PBXTargetDependency */ = {
			isa = PBXTargetDependency;
			target = A5D632511F84B66100B80078 /* Nike Collection */;
			targetProxy = A5D632721F84B66100B80078 /* PBXContainerItemProxy */;
		};
/* End PBXTargetDependency section */

/* Begin PBXVariantGroup section */
		A5D632591F84B66100B80078 /* Main.storyboard */ = {
			isa = PBXVariantGroup;
			children = (
				A5D6325A1F84B66100B80078 /* Base */,
			);
			name = Main.storyboard;
			sourceTree = "<group>";
		};
		A5D6325E1F84B66100B80078 /* LaunchScreen.storyboard */ = {
			isa = PBXVariantGroup;
			children = (
				A5D6325F1F84B66100B80078 /* Base */,
			);
			name = LaunchScreen.storyboard;
			sourceTree = "<group>";
		};
/* End PBXVariantGroup section */

/* Begin XCBuildConfiguration section */
		A5D632781F84B66200B80078 /* Debug */ = {
			isa = XCBuildConfiguration;
			buildSettings = {
				ALWAYS_SEARCH_USER_PATHS = NO;
				CLANG_ANALYZER_NONNULL = YES;
				CLANG_ANALYZER_NUMBER_OBJECT_CONVERSION = YES_AGGRESSIVE;
				CLANG_CXX_LANGUAGE_STANDARD = "gnu++14";
				CLANG_CXX_LIBRARY = "libc++";
				CLANG_ENABLE_MODULES = YES;
				CLANG_ENABLE_OBJC_ARC = YES;
				CLANG_WARN_BLOCK_CAPTURE_AUTORELEASING = YES;
				CLANG_WARN_BOOL_CONVERSION = YES;
				CLANG_WARN_COMMA = YES;
				CLANG_WARN_CONSTANT_CONVERSION = YES;
				CLANG_WARN_DIRECT_OBJC_ISA_USAGE = YES_ERROR;
				CLANG_WARN_DOCUMENTATION_COMMENTS = YES;
				CLANG_WARN_EMPTY_BODY = YES;
				CLANG_WARN_ENUM_CONVERSION = YES;
				CLANG_WARN_INFINITE_RECURSION = YES;
				CLANG_WARN_INT_CONVERSION = YES;
				CLANG_WARN_NON_LITERAL_NULL_CONVERSION = YES;
				CLANG_WARN_OBJC_LITERAL_CONVERSION = YES;
				CLANG_WARN_OBJC_ROOT_CLASS = YES_ERROR;
				CLANG_WARN_RANGE_LOOP_ANALYSIS = YES;
				CLANG_WARN_STRICT_PROTOTYPES = YES;
				CLANG_WARN_SUSPICIOUS_MOVE = YES;
				CLANG_WARN_UNGUARDED_AVAILABILITY = YES_AGGRESSIVE;
				CLANG_WARN_UNREACHABLE_CODE = YES;
				CLANG_WARN__DUPLICATE_METHOD_MATCH = YES;
				CODE_SIGN_IDENTITY = "iPhone Developer";
				COPY_PHASE_STRIP = NO;
				DEBUG_INFORMATION_FORMAT = dwarf;
				ENABLE_STRICT_OBJC_MSGSEND = YES;
				ENABLE_TESTABILITY = YES;
				GCC_C_LANGUAGE_STANDARD = gnu11;
				GCC_DYNAMIC_NO_PIC = NO;
				GCC_NO_COMMON_BLOCKS = YES;
				GCC_OPTIMIZATION_LEVEL = 0;
				GCC_PREPROCESSOR_DEFINITIONS = (
					"DEBUG=1",
					"$(inherited)",
				);
				GCC_WARN_64_TO_32_BIT_CONVERSION = YES;
				GCC_WARN_ABOUT_RETURN_TYPE = YES_ERROR;
				GCC_WARN_UNDECLARED_SELECTOR = YES;
				GCC_WARN_UNINITIALIZED_AUTOS = YES_AGGRESSIVE;
				GCC_WARN_UNUSED_FUNCTION = YES;
				GCC_WARN_UNUSED_VARIABLE = YES;
				IPHONEOS_DEPLOYMENT_TARGET = 11.0;
				MTL_ENABLE_DEBUG_INFO = YES;
				ONLY_ACTIVE_ARCH = YES;
				SDKROOT = iphoneos;
				SWIFT_ACTIVE_COMPILATION_CONDITIONS = DEBUG;
				SWIFT_OPTIMIZATION_LEVEL = "-Onone";
			};
			name = Debug;
		};
		A5D632791F84B66200B80078 /* Release */ = {
			isa = XCBuildConfiguration;
			buildSettings = {
				ALWAYS_SEARCH_USER_PATHS = NO;
				CLANG_ANALYZER_NONNULL = YES;
				CLANG_ANALYZER_NUMBER_OBJECT_CONVERSION = YES_AGGRESSIVE;
				CLANG_CXX_LANGUAGE_STANDARD = "gnu++14";
				CLANG_CXX_LIBRARY = "libc++";
				CLANG_ENABLE_MODULES = YES;
				CLANG_ENABLE_OBJC_ARC = YES;
				CLANG_WARN_BLOCK_CAPTURE_AUTORELEASING = YES;
				CLANG_WARN_BOOL_CONVERSION = YES;
				CLANG_WARN_COMMA = YES;
				CLANG_WARN_CONSTANT_CONVERSION = YES;
				CLANG_WARN_DIRECT_OBJC_ISA_USAGE = YES_ERROR;
				CLANG_WARN_DOCUMENTATION_COMMENTS = YES;
				CLANG_WARN_EMPTY_BODY = YES;
				CLANG_WARN_ENUM_CONVERSION = YES;
				CLANG_WARN_INFINITE_RECURSION = YES;
				CLANG_WARN_INT_CONVERSION = YES;
				CLANG_WARN_NON_LITERAL_NULL_CONVERSION = YES;
				CLANG_WARN_OBJC_LITERAL_CONVERSION = YES;
				CLANG_WARN_OBJC_ROOT_CLASS = YES_ERROR;
				CLANG_WARN_RANGE_LOOP_ANALYSIS = YES;
				CLANG_WARN_STRICT_PROTOTYPES = YES;
				CLANG_WARN_SUSPICIOUS_MOVE = YES;
				CLANG_WARN_UNGUARDED_AVAILABILITY = YES_AGGRESSIVE;
				CLANG_WARN_UNREACHABLE_CODE = YES;
				CLANG_WARN__DUPLICATE_METHOD_MATCH = YES;
				CODE_SIGN_IDENTITY = "iPhone Developer";
				COPY_PHASE_STRIP = NO;
				DEBUG_INFORMATION_FORMAT = "dwarf-with-dsym";
				ENABLE_NS_ASSERTIONS = NO;
				ENABLE_STRICT_OBJC_MSGSEND = YES;
				GCC_C_LANGUAGE_STANDARD = gnu11;
				GCC_NO_COMMON_BLOCKS = YES;
				GCC_WARN_64_TO_32_BIT_CONVERSION = YES;
				GCC_WARN_ABOUT_RETURN_TYPE = YES_ERROR;
				GCC_WARN_UNDECLARED_SELECTOR = YES;
				GCC_WARN_UNINITIALIZED_AUTOS = YES_AGGRESSIVE;
				GCC_WARN_UNUSED_FUNCTION = YES;
				GCC_WARN_UNUSED_VARIABLE = YES;
				IPHONEOS_DEPLOYMENT_TARGET = 11.0;
				MTL_ENABLE_DEBUG_INFO = NO;
				SDKROOT = iphoneos;
				SWIFT_OPTIMIZATION_LEVEL = "-Owholemodule";
				VALIDATE_PRODUCT = YES;
			};
			name = Release;
		};
		A5D6327B1F84B66200B80078 /* Debug */ = {
			isa = XCBuildConfiguration;
			baseConfigurationReference = 3EDE116DDAAE95720B742E4C /* Pods-Nike Collection.debug.xcconfig */;
			buildSettings = {
				ASSETCATALOG_COMPILER_APPICON_NAME = AppIcon;
				CODE_SIGN_STYLE = Automatic;
				DEVELOPMENT_TEAM = 6469XZ9B4P;
				INFOPLIST_FILE = "Nike Collection/Info.plist";
				LD_RUNPATH_SEARCH_PATHS = "$(inherited) @executable_path/Frameworks";
				PRODUCT_BUNDLE_IDENTIFIER = "com.ShaoKahn.Nike-Collection";
				PRODUCT_NAME = "$(TARGET_NAME)";
				SWIFT_VERSION = 4.0;
				TARGETED_DEVICE_FAMILY = 2;
			};
			name = Debug;
		};
		A5D6327C1F84B66200B80078 /* Release */ = {
			isa = XCBuildConfiguration;
			baseConfigurationReference = 8C866634AD9FAEB93789A121 /* Pods-Nike Collection.release.xcconfig */;
			buildSettings = {
				ASSETCATALOG_COMPILER_APPICON_NAME = AppIcon;
				CODE_SIGN_STYLE = Automatic;
				DEVELOPMENT_TEAM = 6469XZ9B4P;
				INFOPLIST_FILE = "Nike Collection/Info.plist";
				LD_RUNPATH_SEARCH_PATHS = "$(inherited) @executable_path/Frameworks";
				PRODUCT_BUNDLE_IDENTIFIER = "com.ShaoKahn.Nike-Collection";
				PRODUCT_NAME = "$(TARGET_NAME)";
				SWIFT_VERSION = 4.0;
				TARGETED_DEVICE_FAMILY = 2;
			};
			name = Release;
		};
		A5D6327E1F84B66200B80078 /* Debug */ = {
			isa = XCBuildConfiguration;
			baseConfigurationReference = 9B5D933400FB08A4403A0F23 /* Pods-Nike CollectionTests.debug.xcconfig */;
			buildSettings = {
				ALWAYS_EMBED_SWIFT_STANDARD_LIBRARIES = YES;
				BUNDLE_LOADER = "$(TEST_HOST)";
				CODE_SIGN_STYLE = Automatic;
				DEVELOPMENT_TEAM = 6469XZ9B4P;
				INFOPLIST_FILE = "Nike CollectionTests/Info.plist";
				LD_RUNPATH_SEARCH_PATHS = "$(inherited) @executable_path/Frameworks @loader_path/Frameworks";
				PRODUCT_BUNDLE_IDENTIFIER = "com.ShaoKahn.Nike-CollectionTests";
				PRODUCT_NAME = "$(TARGET_NAME)";
				SWIFT_VERSION = 4.0;
				TARGETED_DEVICE_FAMILY = "1,2";
				TEST_HOST = "$(BUILT_PRODUCTS_DIR)/Nike Collection.app/Nike Collection";
			};
			name = Debug;
		};
		A5D6327F1F84B66200B80078 /* Release */ = {
			isa = XCBuildConfiguration;
			baseConfigurationReference = FEE24BB6B8A4428FDC439D38 /* Pods-Nike CollectionTests.release.xcconfig */;
			buildSettings = {
				ALWAYS_EMBED_SWIFT_STANDARD_LIBRARIES = YES;
				BUNDLE_LOADER = "$(TEST_HOST)";
				CODE_SIGN_STYLE = Automatic;
				DEVELOPMENT_TEAM = 6469XZ9B4P;
				INFOPLIST_FILE = "Nike CollectionTests/Info.plist";
				LD_RUNPATH_SEARCH_PATHS = "$(inherited) @executable_path/Frameworks @loader_path/Frameworks";
				PRODUCT_BUNDLE_IDENTIFIER = "com.ShaoKahn.Nike-CollectionTests";
				PRODUCT_NAME = "$(TARGET_NAME)";
				SWIFT_VERSION = 4.0;
				TARGETED_DEVICE_FAMILY = "1,2";
				TEST_HOST = "$(BUILT_PRODUCTS_DIR)/Nike Collection.app/Nike Collection";
			};
			name = Release;
		};
		A5D632811F84B66200B80078 /* Debug */ = {
			isa = XCBuildConfiguration;
			baseConfigurationReference = F4B2A58543EA379806865AB0 /* Pods-Nike CollectionUITests.debug.xcconfig */;
			buildSettings = {
				ALWAYS_EMBED_SWIFT_STANDARD_LIBRARIES = YES;
				CODE_SIGN_STYLE = Automatic;
				DEVELOPMENT_TEAM = 6469XZ9B4P;
				INFOPLIST_FILE = "Nike CollectionUITests/Info.plist";
				LD_RUNPATH_SEARCH_PATHS = "$(inherited) @executable_path/Frameworks @loader_path/Frameworks";
				PRODUCT_BUNDLE_IDENTIFIER = "com.ShaoKahn.Nike-CollectionUITests";
				PRODUCT_NAME = "$(TARGET_NAME)";
				SWIFT_VERSION = 4.0;
				TARGETED_DEVICE_FAMILY = "1,2";
				TEST_TARGET_NAME = "Nike Collection";
			};
			name = Debug;
		};
		A5D632821F84B66200B80078 /* Release */ = {
			isa = XCBuildConfiguration;
			baseConfigurationReference = 7E340B68E7AFF60BC918D5CF /* Pods-Nike CollectionUITests.release.xcconfig */;
			buildSettings = {
				ALWAYS_EMBED_SWIFT_STANDARD_LIBRARIES = YES;
				CODE_SIGN_STYLE = Automatic;
				DEVELOPMENT_TEAM = 6469XZ9B4P;
				INFOPLIST_FILE = "Nike CollectionUITests/Info.plist";
				LD_RUNPATH_SEARCH_PATHS = "$(inherited) @executable_path/Frameworks @loader_path/Frameworks";
				PRODUCT_BUNDLE_IDENTIFIER = "com.ShaoKahn.Nike-CollectionUITests";
				PRODUCT_NAME = "$(TARGET_NAME)";
				SWIFT_VERSION = 4.0;
				TARGETED_DEVICE_FAMILY = "1,2";
				TEST_TARGET_NAME = "Nike Collection";
			};
			name = Release;
		};
/* End XCBuildConfiguration section */

/* Begin XCConfigurationList section */
		A5D6324D1F84B66100B80078 /* Build configuration list for PBXProject "Nike Collection" */ = {
			isa = XCConfigurationList;
			buildConfigurations = (
				A5D632781F84B66200B80078 /* Debug */,
				A5D632791F84B66200B80078 /* Release */,
			);
			defaultConfigurationIsVisible = 0;
			defaultConfigurationName = Release;
		};
		A5D6327A1F84B66200B80078 /* Build configuration list for PBXNativeTarget "Nike Collection" */ = {
			isa = XCConfigurationList;
			buildConfigurations = (
				A5D6327B1F84B66200B80078 /* Debug */,
				A5D6327C1F84B66200B80078 /* Release */,
			);
			defaultConfigurationIsVisible = 0;
			defaultConfigurationName = Release;
		};
		A5D6327D1F84B66200B80078 /* Build configuration list for PBXNativeTarget "Nike CollectionTests" */ = {
			isa = XCConfigurationList;
			buildConfigurations = (
				A5D6327E1F84B66200B80078 /* Debug */,
				A5D6327F1F84B66200B80078 /* Release */,
			);
			defaultConfigurationIsVisible = 0;
			defaultConfigurationName = Release;
		};
		A5D632801F84B66200B80078 /* Build configuration list for PBXNativeTarget "Nike CollectionUITests" */ = {
			isa = XCConfigurationList;
			buildConfigurations = (
				A5D632811F84B66200B80078 /* Debug */,
				A5D632821F84B66200B80078 /* Release */,
			);
			defaultConfigurationIsVisible = 0;
			defaultConfigurationName = Release;
		};
/* End XCConfigurationList section */
	};
	rootObject = A5D6324A1F84B66100B80078 /* Project object */;
}
